
Microsoft Visual Studio Solution File, Format Version 12.00
# Visual Studio Version 17
VisualStudioVersion = 17.0.31903.59
MinimumVisualStudioVersion = 10.0.40219.1
Project("{2150E333-8FDC-42A3-9474-1A3956D46DE8}") = "src", "src", "{827E0CD3-B72D-47B6-A68D-7590B98EB39B}"
EndProject
Project("{FAE04EC0-301F-11D3-BF4B-00C04F79EFBC}") = "MintAndHeart.Server", "src\MintAndHeart.Server\MintAndHeart.Server.csproj", "{9B17EA5F-F7BE-4BEA-88C9-DD17366F0A41}"
EndProject
Project("{FAE04EC0-301F-11D3-BF4B-00C04F79EFBC}") = "MintAndHeart.Shared", "src\MintAndHeart.Shared\MintAndHeart.Shared.csproj", "{AC581621-9728-4BC9-B45D-EDC75BB04AA3}"
EndProject
Project("{FAE04EC0-301F-11D3-BF4B-00C04F79EFBC}") = "MintAndHeart.Client", "src\MintAndHeart.Client\MintAndHeart.Client.csproj", "{3EC427A6-7C27-48D5-95FE-777D32A7753F}"
EndProject
Global
	GlobalSection(SolutionConfigurationPlatforms) = preSolution
		Debug|Any CPU = Debug|Any CPU
		Debug|x64 = Debug|x64
		Debug|x86 = Debug|x86
		Release|Any CPU = Release|Any CPU
		Release|x64 = Release|x64
		Release|x86 = Release|x86
	EndGlobalSection
	GlobalSection(ProjectConfigurationPlatforms) = postSolution
		{9B17EA5F-F7BE-4BEA-88C9-DD17366F0A41}.Debug|Any CPU.ActiveCfg = Debug|Any CPU
		{9B17EA5F-F7BE-4BEA-88C9-DD17366F0A41}.Debug|Any CPU.Build.0 = Debug|Any CPU
		{9B17EA5F-F7BE-4BEA-88C9-DD17366F0A41}.Debug|x64.ActiveCfg = Debug|Any CPU
		{9B17EA5F-F7BE-4BEA-88C9-DD17366F0A41}.Debug|x64.Build.0 = Debug|Any CPU
		{9B17EA5F-F7BE-4BEA-88C9-DD17366F0A41}.Debug|x86.ActiveCfg = Debug|Any CPU
		{9B17EA5F-F7BE-4BEA-88C9-DD17366F0A41}.Debug|x86.Build.0 = Debug|Any CPU
		{9B17EA5F-F7BE-4BEA-88C9-DD17366F0A41}.Release|Any CPU.ActiveCfg = Release|Any CPU
		{9B17EA5F-F7BE-4BEA-88C9-DD17366F0A41}.Release|Any CPU.Build.0 = Release|Any CPU
		{9B17EA5F-F7BE-4BEA-88C9-DD17366F0A41}.Release|x64.ActiveCfg = Release|Any CPU
		{9B17EA5F-F7BE-4BEA-88C9-DD17366F0A41}.Release|x64.Build.0 = Release|Any CPU
		{9B17EA5F-F7BE-4BEA-88C9-DD17366F0A41}.Release|x86.ActiveCfg = Release|Any CPU
		{9B17EA5F-F7BE-4BEA-88C9-DD17366F0A41}.Release|x86.Build.0 = Release|Any CPU
		{AC581621-9728-4BC9-B45D-EDC75BB04AA3}.Debug|Any CPU.ActiveCfg = Debug|Any CPU
		{AC581621-9728-4BC9-B45D-EDC75BB04AA3}.Debug|Any CPU.Build.0 = Debug|Any CPU
		{AC581621-9728-4BC9-B45D-EDC75BB04AA3}.Debug|x64.ActiveCfg = Debug|Any CPU
		{AC581621-9728-4BC9-B45D-EDC75BB04AA3}.Debug|x64.Build.0 = Debug|Any CPU
		{AC581621-9728-4BC9-B45D-EDC75BB04AA3}.Debug|x86.ActiveCfg = Debug|Any CPU
		{AC581621-9728-4BC9-B45D-EDC75BB04AA3}.Debug|x86.Build.0 = Debug|Any CPU
		{AC581621-9728-4BC9-B45D-EDC75BB04AA3}.Release|Any CPU.ActiveCfg = Release|Any CPU
		{AC581621-9728-4BC9-B45D-EDC75BB04AA3}.Release|Any CPU.Build.0 = Release|Any CPU
		{AC581621-9728-4BC9-B45D-EDC75BB04AA3}.Release|x64.ActiveCfg = Release|Any CPU
		{AC581621-9728-4BC9-B45D-EDC75BB04AA3}.Release|x64.Build.0 = Release|Any CPU
		{AC581621-9728-4BC9-B45D-EDC75BB04AA3}.Release|x86.ActiveCfg = Release|Any CPU
		{AC581621-9728-4BC9-B45D-EDC75BB04AA3}.Release|x86.Build.0 = Release|Any CPU
		{3EC427A6-7C27-48D5-95FE-777D32A7753F}.Debug|Any CPU.ActiveCfg = Debug|Any CPU
		{3EC427A6-7C27-48D5-95FE-777D32A7753F}.Debug|Any CPU.Build.0 = Debug|Any CPU
		{3EC427A6-7C27-48D5-95FE-777D32A7753F}.Debug|x64.ActiveCfg = Debug|Any CPU
		{3EC427A6-7C27-48D5-95FE-777D32A7753F}.Debug|x64.Build.0 = Debug|Any CPU
		{3EC427A6-7C27-48D5-95FE-777D32A7753F}.Debug|x86.ActiveCfg = Debug|Any CPU
		{3EC427A6-7C27-48D5-95FE-777D32A7753F}.Debug|x86.Build.0 = Debug|Any CPU
		{3EC427A6-7C27-48D5-95FE-777D32A7753F}.Release|Any CPU.ActiveCfg = Release|Any CPU
		{3EC427A6-7C27-48D5-95FE-777D32A7753F}.Release|Any CPU.Build.0 = Release|Any CPU
		{3EC427A6-7C27-48D5-95FE-777D32A7753F}.Release|x64.ActiveCfg = Release|Any CPU
		{3EC427A6-7C27-48D5-95FE-777D32A7753F}.Release|x64.Build.0 = Release|Any CPU
		{3EC427A6-7C27-48D5-95FE-777D32A7753F}.Release|x86.ActiveCfg = Release|Any CPU
		{3EC427A6-7C27-48D5-95FE-777D32A7753F}.Release|x86.Build.0 = Release|Any CPU
	EndGlobalSection
	GlobalSection(SolutionProperties) = preSolution
		HideSolutionNode = FALSE
	EndGlobalSection
	GlobalSection(NestedProjects) = preSolution
		{9B17EA5F-F7BE-4BEA-88C9-DD17366F0A41} = {827E0CD3-B72D-47B6-A68D-7590B98EB39B}
		{AC581621-9728-4BC9-B45D-EDC75BB04AA3} = {827E0CD3-B72D-47B6-A68D-7590B98EB39B}
		{3EC427A6-7C27-48D5-95FE-777D32A7753F} = {827E0CD3-B72D-47B6-A68D-7590B98EB39B}
	EndGlobalSection
EndGlobal
